// !$*UTF8*$!
{
	archiveVersion = 1;
	classes = {
	};
	objectVersion = 55;
	objects = {

/* Begin PBXBuildFile section */
		90C39878270231840028C574 /* Reference_UI_GalleryApp.swift in Sources */ = {isa = PBXBuildFile; fileRef = 90C39868270231820028C574 /* Reference_UI_GalleryApp.swift */; };
		90C39879270231840028C574 /* Reference_UI_GalleryApp.swift in Sources */ = {isa = PBXBuildFile; fileRef = 90C39868270231820028C574 /* Reference_UI_GalleryApp.swift */; };
		90C3987A270231840028C574 /* ContentView.swift in Sources */ = {isa = PBXBuildFile; fileRef = 90C39869270231820028C574 /* ContentView.swift */; };
		90C3987B270231840028C574 /* ContentView.swift in Sources */ = {isa = PBXBuildFile; fileRef = 90C39869270231820028C574 /* ContentView.swift */; };
		90C3987C270231840028C574 /* Assets.xcassets in Resources */ = {isa = PBXBuildFile; fileRef = 90C3986A270231840028C574 /* Assets.xcassets */; };
		90C3987D270231840028C574 /* Assets.xcassets in Resources */ = {isa = PBXBuildFile; fileRef = 90C3986A270231840028C574 /* Assets.xcassets */; };
		90E8451027023FBA00412763 /* Localizable.strings in Resources */ = {isa = PBXBuildFile; fileRef = 90E8451327023FBA00412763 /* Localizable.strings */; };
		90E8451127023FBA00412763 /* Localizable.strings in Resources */ = {isa = PBXBuildFile; fileRef = 90E8451327023FBA00412763 /* Localizable.strings */; };
		90E845152702406C00412763 /* SwiftExtension.swift in Sources */ = {isa = PBXBuildFile; fileRef = 90E845142702406C00412763 /* SwiftExtension.swift */; };
		90E845162702406C00412763 /* SwiftExtension.swift in Sources */ = {isa = PBXBuildFile; fileRef = 90E845142702406C00412763 /* SwiftExtension.swift */; };
/* End PBXBuildFile section */

/* Begin PBXFileReference section */
		90C39868270231820028C574 /* Reference_UI_GalleryApp.swift */ = {isa = PBXFileReference; lastKnownFileType = sourcecode.swift; path = Reference_UI_GalleryApp.swift; sourceTree = "<group>"; };
		90C39869270231820028C574 /* ContentView.swift */ = {isa = PBXFileReference; lastKnownFileType = sourcecode.swift; path = ContentView.swift; sourceTree = "<group>"; };
		90C3986A270231840028C574 /* Assets.xcassets */ = {isa = PBXFileReference; lastKnownFileType = folder.assetcatalog; path = Assets.xcassets; sourceTree = "<group>"; };
		90C3986F270231840028C574 /* Reference UI Gallery.app */ = {isa = PBXFileReference; explicitFileType = wrapper.application; includeInIndex = 0; path = "Reference UI Gallery.app"; sourceTree = BUILT_PRODUCTS_DIR; };
		90C39875270231840028C574 /* Reference UI Gallery.app */ = {isa = PBXFileReference; explicitFileType = wrapper.application; includeInIndex = 0; path = "Reference UI Gallery.app"; sourceTree = BUILT_PRODUCTS_DIR; };
		90C39877270231840028C574 /* macOS.entitlements */ = {isa = PBXFileReference; lastKnownFileType = text.plist.entitlements; path = macOS.entitlements; sourceTree = "<group>"; };
		90E8451227023FBA00412763 /* en */ = {isa = PBXFileReference; lastKnownFileType = text.plist.strings; name = en; path = en.lproj/Localizable.strings; sourceTree = "<group>"; };
		90E845142702406C00412763 /* SwiftExtension.swift */ = {isa = PBXFileReference; lastKnownFileType = sourcecode.swift; path = SwiftExtension.swift; sourceTree = "<group>"; };
/* End PBXFileReference section */

/* Begin PBXFrameworksBuildPhase section */
		90C3986C270231840028C574 /* Frameworks */ = {
			isa = PBXFrameworksBuildPhase;
			buildActionMask = 2147483647;
			files = (
			);
			runOnlyForDeploymentPostprocessing = 0;
		};
		90C39872270231840028C574 /* Frameworks */ = {
			isa = PBXFrameworksBuildPhase;
			buildActionMask = 2147483647;
			files = (
			);
			runOnlyForDeploymentPostprocessing = 0;
		};
/* End PBXFrameworksBuildPhase section */

/* Begin PBXGroup section */
		90C39862270231820028C574 = {
			isa = PBXGroup;
			children = (
				90C39867270231820028C574 /* Shared */,
				90C39876270231840028C574 /* macOS */,
				90C39870270231840028C574 /* Products */,
			);
			sourceTree = "<group>";
		};
		90C39867270231820028C574 /* Shared */ = {
			isa = PBXGroup;
			children = (
				90E845172702407200412763 /* Extensions */,
				90C39868270231820028C574 /* Reference_UI_GalleryApp.swift */,
				90C39869270231820028C574 /* ContentView.swift */,
				90C3986A270231840028C574 /* Assets.xcassets */,
				90E8451327023FBA00412763 /* Localizable.strings */,
			);
			path = Shared;
			sourceTree = "<group>";
		};
		90C39870270231840028C574 /* Products */ = {
			isa = PBXGroup;
			children = (
				90C3986F270231840028C574 /* Reference UI Gallery.app */,
				90C39875270231840028C574 /* Reference UI Gallery.app */,
			);
			name = Products;
			sourceTree = "<group>";
		};
		90C39876270231840028C574 /* macOS */ = {
			isa = PBXGroup;
			children = (
				90C39877270231840028C574 /* macOS.entitlements */,
			);
			path = macOS;
			sourceTree = "<group>";
		};
		90E845172702407200412763 /* Extensions */ = {
			isa = PBXGroup;
			children = (
				90E845142702406C00412763 /* SwiftExtension.swift */,
			);
			path = Extensions;
			sourceTree = "<group>";
		};
/* End PBXGroup section */

/* Begin PBXNativeTarget section */
		90C3986E270231840028C574 /* Reference UI Gallery (iOS) */ = {
			isa = PBXNativeTarget;
			buildConfigurationList = 90C39880270231840028C574 /* Build configuration list for PBXNativeTarget "Reference UI Gallery (iOS)" */;
			buildPhases = (
				90C3986B270231840028C574 /* Sources */,
				90C3986C270231840028C574 /* Frameworks */,
				90C3986D270231840028C574 /* Resources */,
			);
			buildRules = (
			);
			dependencies = (
			);
			name = "Reference UI Gallery (iOS)";
			productName = "Reference UI Gallery (iOS)";
			productReference = 90C3986F270231840028C574 /* Reference UI Gallery.app */;
			productType = "com.apple.product-type.application";
		};
		90C39874270231840028C574 /* Reference UI Gallery (macOS) */ = {
			isa = PBXNativeTarget;
			buildConfigurationList = 90C39883270231840028C574 /* Build configuration list for PBXNativeTarget "Reference UI Gallery (macOS)" */;
			buildPhases = (
				90C39871270231840028C574 /* Sources */,
				90C39872270231840028C574 /* Frameworks */,
				90C39873270231840028C574 /* Resources */,
			);
			buildRules = (
			);
			dependencies = (
			);
			name = "Reference UI Gallery (macOS)";
			productName = "Reference UI Gallery (macOS)";
			productReference = 90C39875270231840028C574 /* Reference UI Gallery.app */;
			productType = "com.apple.product-type.application";
		};
/* End PBXNativeTarget section */

/* Begin PBXProject section */
		90C39863270231820028C574 /* Project object */ = {
			isa = PBXProject;
			attributes = {
				BuildIndependentTargetsInParallel = 1;
				LastSwiftUpdateCheck = 1300;
				LastUpgradeCheck = 1300;
				TargetAttributes = {
					90C3986E270231840028C574 = {
						CreatedOnToolsVersion = 13.0;
					};
					90C39874270231840028C574 = {
						CreatedOnToolsVersion = 13.0;
					};
				};
			};
			buildConfigurationList = 90C39866270231820028C574 /* Build configuration list for PBXProject "Reference UI Gallery" */;
			compatibilityVersion = "Xcode 13.0";
			developmentRegion = en;
			hasScannedForEncodings = 0;
			knownRegions = (
				en,
				Base,
			);
			mainGroup = 90C39862270231820028C574;
			productRefGroup = 90C39870270231840028C574 /* Products */;
			projectDirPath = "";
			projectRoot = "";
			targets = (
				90C3986E270231840028C574 /* Reference UI Gallery (iOS) */,
				90C39874270231840028C574 /* Reference UI Gallery (macOS) */,
			);
		};
/* End PBXProject section */

/* Begin PBXResourcesBuildPhase section */
		90C3986D270231840028C574 /* Resources */ = {
			isa = PBXResourcesBuildPhase;
			buildActionMask = 2147483647;
			files = (
				90C3987C270231840028C574 /* Assets.xcassets in Resources */,
				90E8451027023FBA00412763 /* Localizable.strings in Resources */,
			);
			runOnlyForDeploymentPostprocessing = 0;
		};
		90C39873270231840028C574 /* Resources */ = {
			isa = PBXResourcesBuildPhase;
			buildActionMask = 2147483647;
			files = (
				90C3987D270231840028C574 /* Assets.xcassets in Resources */,
				90E8451127023FBA00412763 /* Localizable.strings in Resources */,
			);
			runOnlyForDeploymentPostprocessing = 0;
		};
/* End PBXResourcesBuildPhase section */

/* Begin PBXSourcesBuildPhase section */
		90C3986B270231840028C574 /* Sources */ = {
			isa = PBXSourcesBuildPhase;
			buildActionMask = 2147483647;
			files = (
				90C3987A270231840028C574 /* ContentView.swift in Sources */,
				90C39878270231840028C574 /* Reference_UI_GalleryApp.swift in Sources */,
				90E845152702406C00412763 /* SwiftExtension.swift in Sources */,
			);
			runOnlyForDeploymentPostprocessing = 0;
		};
		90C39871270231840028C574 /* Sources */ = {
			isa = PBXSourcesBuildPhase;
			buildActionMask = 2147483647;
			files = (
				90C3987B270231840028C574 /* ContentView.swift in Sources */,
				90C39879270231840028C574 /* Reference_UI_GalleryApp.swift in Sources */,
				90E845162702406C00412763 /* SwiftExtension.swift in Sources */,
			);
			runOnlyForDeploymentPostprocessing = 0;
		};
/* End PBXSourcesBuildPhase section */

/* Begin PBXVariantGroup section */
		90E8451327023FBA00412763 /* Localizable.strings */ = {
			isa = PBXVariantGroup;
			children = (
				90E8451227023FBA00412763 /* en */,
			);
			name = Localizable.strings;
			sourceTree = "<group>";
		};
/* End PBXVariantGroup section */

/* Begin XCBuildConfiguration section */
		90C3987E270231840028C574 /* Debug */ = {
			isa = XCBuildConfiguration;
			buildSettings = {
				ALWAYS_SEARCH_USER_PATHS = NO;
				CLANG_ANALYZER_NONNULL = YES;
				CLANG_ANALYZER_NUMBER_OBJECT_CONVERSION = YES_AGGRESSIVE;
				CLANG_CXX_LANGUAGE_STANDARD = "gnu++17";
				CLANG_CXX_LIBRARY = "libc++";
				CLANG_ENABLE_MODULES = YES;
				CLANG_ENABLE_OBJC_ARC = YES;
				CLANG_ENABLE_OBJC_WEAK = YES;
				CLANG_WARN_BLOCK_CAPTURE_AUTORELEASING = YES;
				CLANG_WARN_BOOL_CONVERSION = YES;
				CLANG_WARN_COMMA = YES;
				CLANG_WARN_CONSTANT_CONVERSION = YES;
				CLANG_WARN_DEPRECATED_OBJC_IMPLEMENTATIONS = YES;
				CLANG_WARN_DIRECT_OBJC_ISA_USAGE = YES_ERROR;
				CLANG_WARN_DOCUMENTATION_COMMENTS = YES;
				CLANG_WARN_EMPTY_BODY = YES;
				CLANG_WARN_ENUM_CONVERSION = YES;
				CLANG_WARN_INFINITE_RECURSION = YES;
				CLANG_WARN_INT_CONVERSION = YES;
				CLANG_WARN_NON_LITERAL_NULL_CONVERSION = YES;
				CLANG_WARN_OBJC_IMPLICIT_RETAIN_SELF = YES;
				CLANG_WARN_OBJC_LITERAL_CONVERSION = YES;
				CLANG_WARN_OBJC_ROOT_CLASS = YES_ERROR;
				CLANG_WARN_QUOTED_INCLUDE_IN_FRAMEWORK_HEADER = YES;
				CLANG_WARN_RANGE_LOOP_ANALYSIS = YES;
				CLANG_WARN_STRICT_PROTOTYPES = YES;
				CLANG_WARN_SUSPICIOUS_MOVE = YES;
				CLANG_WARN_UNGUARDED_AVAILABILITY = YES_AGGRESSIVE;
				CLANG_WARN_UNREACHABLE_CODE = YES;
				CLANG_WARN__DUPLICATE_METHOD_MATCH = YES;
				COPY_PHASE_STRIP = NO;
				DEBUG_INFORMATION_FORMAT = dwarf;
				ENABLE_STRICT_OBJC_MSGSEND = YES;
				ENABLE_TESTABILITY = YES;
				GCC_C_LANGUAGE_STANDARD = gnu11;
				GCC_DYNAMIC_NO_PIC = NO;
				GCC_NO_COMMON_BLOCKS = YES;
				GCC_OPTIMIZATION_LEVEL = 0;
				GCC_PREPROCESSOR_DEFINITIONS = (
					"DEBUG=1",
					"$(inherited)",
				);
				GCC_WARN_64_TO_32_BIT_CONVERSION = YES;
				GCC_WARN_ABOUT_RETURN_TYPE = YES_ERROR;
				GCC_WARN_UNDECLARED_SELECTOR = YES;
				GCC_WARN_UNINITIALIZED_AUTOS = YES_AGGRESSIVE;
				GCC_WARN_UNUSED_FUNCTION = YES;
				GCC_WARN_UNUSED_VARIABLE = YES;
				MTL_ENABLE_DEBUG_INFO = INCLUDE_SOURCE;
				MTL_FAST_MATH = YES;
				ONLY_ACTIVE_ARCH = YES;
				SWIFT_ACTIVE_COMPILATION_CONDITIONS = DEBUG;
				SWIFT_OPTIMIZATION_LEVEL = "-Onone";
			};
			name = Debug;
		};
		90C3987F270231840028C574 /* Release */ = {
			isa = XCBuildConfiguration;
			buildSettings = {
				ALWAYS_SEARCH_USER_PATHS = NO;
				CLANG_ANALYZER_NONNULL = YES;
				CLANG_ANALYZER_NUMBER_OBJECT_CONVERSION = YES_AGGRESSIVE;
				CLANG_CXX_LANGUAGE_STANDARD = "gnu++17";
				CLANG_CXX_LIBRARY = "libc++";
				CLANG_ENABLE_MODULES = YES;
				CLANG_ENABLE_OBJC_ARC = YES;
				CLANG_ENABLE_OBJC_WEAK = YES;
				CLANG_WARN_BLOCK_CAPTURE_AUTORELEASING = YES;
				CLANG_WARN_BOOL_CONVERSION = YES;
				CLANG_WARN_COMMA = YES;
				CLANG_WARN_CONSTANT_CONVERSION = YES;
				CLANG_WARN_DEPRECATED_OBJC_IMPLEMENTATIONS = YES;
				CLANG_WARN_DIRECT_OBJC_ISA_USAGE = YES_ERROR;
				CLANG_WARN_DOCUMENTATION_COMMENTS = YES;
				CLANG_WARN_EMPTY_BODY = YES;
				CLANG_WARN_ENUM_CONVERSION = YES;
				CLANG_WARN_INFINITE_RECURSION = YES;
				CLANG_WARN_INT_CONVERSION = YES;
				CLANG_WARN_NON_LITERAL_NULL_CONVERSION = YES;
				CLANG_WARN_OBJC_IMPLICIT_RETAIN_SELF = YES;
				CLANG_WARN_OBJC_LITERAL_CONVERSION = YES;
				CLANG_WARN_OBJC_ROOT_CLASS = YES_ERROR;
				CLANG_WARN_QUOTED_INCLUDE_IN_FRAMEWORK_HEADER = YES;
				CLANG_WARN_RANGE_LOOP_ANALYSIS = YES;
				CLANG_WARN_STRICT_PROTOTYPES = YES;
				CLANG_WARN_SUSPICIOUS_MOVE = YES;
				CLANG_WARN_UNGUARDED_AVAILABILITY = YES_AGGRESSIVE;
				CLANG_WARN_UNREACHABLE_CODE = YES;
				CLANG_WARN__DUPLICATE_METHOD_MATCH = YES;
				COPY_PHASE_STRIP = NO;
				DEBUG_INFORMATION_FORMAT = "dwarf-with-dsym";
				ENABLE_NS_ASSERTIONS = NO;
				ENABLE_STRICT_OBJC_MSGSEND = YES;
				GCC_C_LANGUAGE_STANDARD = gnu11;
				GCC_NO_COMMON_BLOCKS = YES;
				GCC_WARN_64_TO_32_BIT_CONVERSION = YES;
				GCC_WARN_ABOUT_RETURN_TYPE = YES_ERROR;
				GCC_WARN_UNDECLARED_SELECTOR = YES;
				GCC_WARN_UNINITIALIZED_AUTOS = YES_AGGRESSIVE;
				GCC_WARN_UNUSED_FUNCTION = YES;
				GCC_WARN_UNUSED_VARIABLE = YES;
				MTL_ENABLE_DEBUG_INFO = NO;
				MTL_FAST_MATH = YES;
				SWIFT_COMPILATION_MODE = wholemodule;
				SWIFT_OPTIMIZATION_LEVEL = "-O";
			};
			name = Release;
		};
		90C39881270231840028C574 /* Debug */ = {
			isa = XCBuildConfiguration;
			buildSettings = {
				ASSETCATALOG_COMPILER_APPICON_NAME = AppIcon;
				ASSETCATALOG_COMPILER_GLOBAL_ACCENT_COLOR_NAME = AccentColor;
				CODE_SIGN_STYLE = Automatic;
				CURRENT_PROJECT_VERSION = 1;
				DEVELOPMENT_TEAM = "";
				ENABLE_PREVIEWS = YES;
				GENERATE_INFOPLIST_FILE = YES;
				INFOPLIST_KEY_UIApplicationSceneManifest_Generation = YES;
				INFOPLIST_KEY_UIApplicationSupportsIndirectInputEvents = YES;
				INFOPLIST_KEY_UILaunchScreen_Generation = YES;
				INFOPLIST_KEY_UISupportedInterfaceOrientations_iPad = "UIInterfaceOrientationPortrait UIInterfaceOrientationPortraitUpsideDown UIInterfaceOrientationLandscapeLeft UIInterfaceOrientationLandscapeRight";
				INFOPLIST_KEY_UISupportedInterfaceOrientations_iPhone = "UIInterfaceOrientationPortrait UIInterfaceOrientationLandscapeLeft UIInterfaceOrientationLandscapeRight";
				IPHONEOS_DEPLOYMENT_TARGET = 14.0;
				LD_RUNPATH_SEARCH_PATHS = (
					"$(inherited)",
					"@executable_path/Frameworks",
				);
				MARKETING_VERSION = 1.0;
				PRODUCT_BUNDLE_IDENTIFIER = dev.fluttercommunity.reference_ui_gallery;
				PRODUCT_NAME = "Reference UI Gallery";
				SDKROOT = iphoneos;
				SWIFT_EMIT_LOC_STRINGS = YES;
				SWIFT_VERSION = 5.0;
				TARGETED_DEVICE_FAMILY = "1,2";
			};
			name = Debug;
		};
		90C39882270231840028C574 /* Release */ = {
			isa = XCBuildConfiguration;
			buildSettings = {
				ASSETCATALOG_COMPILER_APPICON_NAME = AppIcon;
				ASSETCATALOG_COMPILER_GLOBAL_ACCENT_COLOR_NAME = AccentColor;
				CODE_SIGN_STYLE = Automatic;
				CURRENT_PROJECT_VERSION = 1;
				DEVELOPMENT_TEAM = "";
				ENABLE_PREVIEWS = YES;
				GENERATE_INFOPLIST_FILE = YES;
				INFOPLIST_KEY_UIApplicationSceneManifest_Generation = YES;
				INFOPLIST_KEY_UIApplicationSupportsIndirectInputEvents = YES;
				INFOPLIST_KEY_UILaunchScreen_Generation = YES;
				INFOPLIST_KEY_UISupportedInterfaceOrientations_iPad = "UIInterfaceOrientationPortrait UIInterfaceOrientationPortraitUpsideDown UIInterfaceOrientationLandscapeLeft UIInterfaceOrientationLandscapeRight";
				INFOPLIST_KEY_UISupportedInterfaceOrientations_iPhone = "UIInterfaceOrientationPortrait UIInterfaceOrientationLandscapeLeft UIInterfaceOrientationLandscapeRight";
				IPHONEOS_DEPLOYMENT_TARGET = 14.0;
				LD_RUNPATH_SEARCH_PATHS = (
					"$(inherited)",
					"@executable_path/Frameworks",
				);
				MARKETING_VERSION = 1.0;
				PRODUCT_BUNDLE_IDENTIFIER = dev.fluttercommunity.reference_ui_gallery;
				PRODUCT_NAME = "Reference UI Gallery";
				SDKROOT = iphoneos;
				SWIFT_EMIT_LOC_STRINGS = YES;
				SWIFT_VERSION = 5.0;
				TARGETED_DEVICE_FAMILY = "1,2";
				VALIDATE_PRODUCT = YES;
			};
			name = Release;
		};
		90C39884270231840028C574 /* Debug */ = {
			isa = XCBuildConfiguration;
			buildSettings = {
				ASSETCATALOG_COMPILER_APPICON_NAME = AppIcon;
				ASSETCATALOG_COMPILER_GLOBAL_ACCENT_COLOR_NAME = AccentColor;
				CODE_SIGN_ENTITLEMENTS = macOS/macOS.entitlements;
				CODE_SIGN_IDENTITY = "-";
				CODE_SIGN_STYLE = Automatic;
				COMBINE_HIDPI_IMAGES = YES;
				CURRENT_PROJECT_VERSION = 1;
				DEVELOPMENT_TEAM = "";
				ENABLE_HARDENED_RUNTIME = YES;
				ENABLE_PREVIEWS = YES;
				GENERATE_INFOPLIST_FILE = YES;
				INFOPLIST_KEY_NSHumanReadableCopyright = "";
				LD_RUNPATH_SEARCH_PATHS = (
					"$(inherited)",
					"@executable_path/../Frameworks",
				);
				MACOSX_DEPLOYMENT_TARGET = 11.0;
				MARKETING_VERSION = 1.0;
				PRODUCT_BUNDLE_IDENTIFIER = dev.fluttercommunity.reference_ui_gallery;
				PRODUCT_NAME = "Reference UI Gallery";
				SDKROOT = macosx;
				SWIFT_EMIT_LOC_STRINGS = YES;
				SWIFT_VERSION = 5.0;
			};
			name = Debug;
		};
		90C39885270231840028C574 /* Release */ = {
			isa = XCBuildConfiguration;
			buildSettings = {
				ASSETCATALOG_COMPILER_APPICON_NAME = AppIcon;
				ASSETCATALOG_COMPILER_GLOBAL_ACCENT_COLOR_NAME = AccentColor;
				CODE_SIGN_ENTITLEMENTS = macOS/macOS.entitlements;
				CODE_SIGN_IDENTITY = "-";
				CODE_SIGN_STYLE = Automatic;
				COMBINE_HIDPI_IMAGES = YES;
				CURRENT_PROJECT_VERSION = 1;
				DEVELOPMENT_TEAM = "";
				ENABLE_HARDENED_RUNTIME = YES;
				ENABLE_PREVIEWS = YES;
				GENERATE_INFOPLIST_FILE = YES;
				INFOPLIST_KEY_NSHumanReadableCopyright = "";
				LD_RUNPATH_SEARCH_PATHS = (
					"$(inherited)",
					"@executable_path/../Frameworks",
				);
				MACOSX_DEPLOYMENT_TARGET = 11.0;
				MARKETING_VERSION = 1.0;
				PRODUCT_BUNDLE_IDENTIFIER = dev.fluttercommunity.reference_ui_gallery;
				PRODUCT_NAME = "Reference UI Gallery";
				SDKROOT = macosx;
				SWIFT_EMIT_LOC_STRINGS = YES;
				SWIFT_VERSION = 5.0;
			};
			name = Release;
		};
/* End XCBuildConfiguration section */

/* Begin XCConfigurationList section */
		90C39866270231820028C574 /* Build configuration list for PBXProject "Reference UI Gallery" */ = {
			isa = XCConfigurationList;
			buildConfigurations = (
				90C3987E270231840028C574 /* Debug */,
				90C3987F270231840028C574 /* Release */,
			);
			defaultConfigurationIsVisible = 0;
			defaultConfigurationName = Release;
		};
		90C39880270231840028C574 /* Build configuration list for PBXNativeTarget "Reference UI Gallery (iOS)" */ = {
			isa = XCConfigurationList;
			buildConfigurations = (
				90C39881270231840028C574 /* Debug */,
				90C39882270231840028C574 /* Release */,
			);
			defaultConfigurationIsVisible = 0;
			defaultConfigurationName = Release;
		};
		90C39883270231840028C574 /* Build configuration list for PBXNativeTarget "Reference UI Gallery (macOS)" */ = {
			isa = XCConfigurationList;
			buildConfigurations = (
				90C39884270231840028C574 /* Debug */,
				90C39885270231840028C574 /* Release */,
			);
			defaultConfigurationIsVisible = 0;
			defaultConfigurationName = Release;
		};
/* End XCConfigurationList section */
	};
	rootObject = 90C39863270231820028C574 /* Project object */;
}
